
Microsoft Visual Studio Solution File, Format Version 12.00
# Visual Studio Version 17
VisualStudioVersion = 17.3.32901.215
MinimumVisualStudioVersion = 10.0.40219.1
Project("{FAE04EC0-301F-11D3-BF4B-00C04F79EFBC}") = "BankApp", "BankApp\BankApp.csproj", "{3259D061-9DF1-45B2-A0DC-5CE309CFDBD7}"
EndProject
Global
	GlobalSection(SolutionConfigurationPlatforms) = preSolution
		Debug|Any CPU = Debug|Any CPU
		Release|Any CPU = Release|Any CPU
	EndGlobalSection
	GlobalSection(ProjectConfigurationPlatforms) = postSolution
		{3259D061-9DF1-45B2-A0DC-5CE309CFDBD7}.Debug|Any CPU.ActiveCfg = Debug|Any CPU
		{3259D061-9DF1-45B2-A0DC-5CE309CFDBD7}.Debug|Any CPU.Build.0 = Debug|Any CPU
		{3259D061-9DF1-45B2-A0DC-5CE309CFDBD7}.Release|Any CPU.ActiveCfg = Release|Any CPU
		{3259D061-9DF1-45B2-A0DC-5CE309CFDBD7}.Release|Any CPU.Build.0 = Release|Any CPU
	EndGlobalSection
	GlobalSection(SolutionProperties) = preSolution
		HideSolutionNode = FALSE
	EndGlobalSection
	GlobalSection(ExtensibilityGlobals) = postSolution
		SolutionGuid = {058F54AC-552D-40EF-AE5A-18F4DE405BDB}
	EndGlobalSection
EndGlobal
